{
    "_readme": [
        "This file locks the dependencies of your project to a known state",
        "Read more about it at http://getcomposer.org/doc/01-basic-usage.md#composer-lock-the-lock-file",
        "This file is @generated automatically"
    ],
    "hash": "cbd4ca07f29496572c2a9faaf2d89e8f",
    "packages": [
        {
            "name": "manovotny/wp-enqueue-util",
            "version": "1.3.1",
            "source": {
                "type": "git",
                "url": "https://github.com/manovotny/wp-enqueue-util.git",
                "reference": "2d59935238634c1274e08f465dc59dd65adf2c1f"
            },
            "dist": {
                "type": "zip",
                "url": "https://api.github.com/repos/manovotny/wp-enqueue-util/zipball/2d59935238634c1274e08f465dc59dd65adf2c1f",
                "reference": "2d59935238634c1274e08f465dc59dd65adf2c1f",
                "shasum": ""
            },
            "require": {
                "manovotny/wp-url-util": "~2.0"
            },
            "require-dev": {
                "manovotny/wp-phpunit-helpers": "~1.0",
                "phpunit/phpunit": "4.1.*"
            },
            "type": "library",
            "autoload": {
                "classmap": [
                    "src"
                ],
                "files": [
                    "wp-enqueue-util.php"
                ]
            },
            "notification-url": "https://packagist.org/downloads/",
            "license": [
                "GPL-3.0+"
            ],
            "authors": [
                {
                    "name": "Michael Novotny",
                    "email": "manovotny@gmail.com",
                    "homepage": "http://manovotny.com",
                    "role": "Developer"
                }
            ],
            "description": "A convenient enqueuing utility for WordPress.",
            "keywords": [
                "css",
                "enqueue",
                "javascript",
                "scripts",
                "wordpress"
            ],
            "time": "2014-12-28 05:44:52"
        },
        {
            "name": "manovotny/wp-google-analytics",
            "version": "4.0.0",
            "source": {
                "type": "git",
                "url": "https://github.com/manovotny/wp-google-analytics.git",
                "reference": "4131a6eb5070cd6f6d2c946294e9f205fa64d149"
            },
            "dist": {
                "type": "zip",
                "url": "https://api.github.com/repos/manovotny/wp-google-analytics/zipball/4131a6eb5070cd6f6d2c946294e9f205fa64d149",
                "reference": "4131a6eb5070cd6f6d2c946294e9f205fa64d149",
                "shasum": ""
            },
            "require": {
                "manovotny/wp-enqueue-util": "~1.1"
            },
            "require-dev": {
                "manovotny/wp-phpunit-helpers": "~1.0",
                "phpunit/phpunit": "4.1.*"
            },
            "type": "library",
            "autoload": {
                "classmap": [
                    "src"
                ],
                "files": [
                    "wp-google-analytics.php"
                ]
            },
            "notification-url": "https://packagist.org/downloads/",
            "license": [
                "GPL-3.0+"
            ],
            "authors": [
                {
                    "name": "Michael Novotny",
                    "email": "manovotny@gmail.com",
                    "homepage": "http://manovotny.com",
                    "role": "Developer"
                }
            ],
            "description": "Add Google Analytics to WordPress sites.",
            "homepage": "https://github.com/manovotny/wp-google-analytics",
            "keywords": [
                "analytics",
                "google",
                "google analytics",
                "wordpress"
            ],
            "time": "2015-05-08 20:43:03"
        },
        {
            "name": "manovotny/wp-grunticon",
            "version": "3.0.0",
            "source": {
                "type": "git",
                "url": "https://github.com/manovotny/wp-grunticon.git",
                "reference": "35b9a22b28a3fe54edf7f9dedd2d17c8f87a0f55"
            },
            "dist": {
                "type": "zip",
                "url": "https://api.github.com/repos/manovotny/wp-grunticon/zipball/35b9a22b28a3fe54edf7f9dedd2d17c8f87a0f55",
                "reference": "35b9a22b28a3fe54edf7f9dedd2d17c8f87a0f55",
                "shasum": ""
            },
            "require-dev": {
                "manovotny/wp-phpunit-helpers": "~1.0",
                "phpunit/phpunit": "4.1.*"
            },
            "type": "library",
            "autoload": {
                "classmap": [
                    "src"
                ],
                "files": [
                    "wp-grunticon.php"
                ]
            },
            "notification-url": "https://packagist.org/downloads/",
            "license": [
                "GPL-3.0+"
            ],
            "authors": [
                {
                    "name": "Michael Novotny",
                    "email": "manovotny@gmail.com",
                    "homepage": "http://manovotny.com",
                    "role": "Developer"
                }
            ],
            "description": "Enables the use of Grunticon within WordPress.",
            "homepage": "https://github.com/manovotny/wp-grunticon",
            "keywords": [
                "wordpress"
            ],
            "time": "2015-01-12 02:33:27"
        },
        {
            "name": "manovotny/wp-url-util",
            "version": "2.0.0",
            "source": {
                "type": "git",
                "url": "https://github.com/manovotny/wp-url-util.git",
                "reference": "3d656e849bb77e14003fbdd65dfa64d8b1b184cd"
            },
            "dist": {
                "type": "zip",
                "url": "https://api.github.com/repos/manovotny/wp-url-util/zipball/3d656e849bb77e14003fbdd65dfa64d8b1b184cd",
                "reference": "3d656e849bb77e14003fbdd65dfa64d8b1b184cd",
                "shasum": ""
            },
            "require-dev": {
                "manovotny/wp-phpunit-helpers": "~1.0",
                "phpunit/phpunit": "4.1.*"
            },
            "type": "library",
            "autoload": {
                "classmap": [
                    "src"
                ],
                "files": [
                    "wp-url-util.php"
                ]
            },
            "notification-url": "https://packagist.org/downloads/",
            "license": [
                "GPL-3.0+"
            ],
            "authors": [
                {
                    "name": "Michael Novotny",
                    "email": "manovotny@gmail.com",
                    "homepage": "http://manovotny.com",
                    "role": "Developer"
                }
            ],
            "description": "A url utility for WordPress.",
            "homepage": "https://github.com/manovotny/wp-url-util",
            "keywords": [
                "url",
                "utility",
                "wordpress"
            ],
            "time": "2014-12-12 17:59:35"
        }
    ],
    "packages-dev": null,
    "aliases": [],
    "minimum-stability": "stable",
    "stability-flags": [],
    "prefer-stable": false,
    "prefer-lowest": false,
    "platform": [],
    "platform-dev": []
}
